// !$*UTF8*$!
{
	archiveVersion = 1;
	classes = {
	};
	objectVersion = 51;
	objects = {

/* Begin PBXBuildFile section */
		212C4E7511C11D9DE783D0A4 /* Pods_InstagramTests.framework in Frameworks */ = {isa = PBXBuildFile; fileRef = 176A461610835A4B7B1353C5 /* Pods_InstagramTests.framework */; };
		35E585A3DC5B51408159EF29 /* Pods_Instagram.framework in Frameworks */ = {isa = PBXBuildFile; fileRef = 51FEFB4657CC799336D89B73 /* Pods_Instagram.framework */; };
		D656084BD97FE8FAF1E42E1B /* Pods_InstagramUITests.framework in Frameworks */ = {isa = PBXBuildFile; fileRef = B17C7E45B074C695C2AFE02D /* Pods_InstagramUITests.framework */; };
		F9EA3A4322D3FB6800C8C884 /* AppDelegate.m in Sources */ = {isa = PBXBuildFile; fileRef = F9EA3A4222D3FB6700C8C884 /* AppDelegate.m */; };
		F9EA3A4922D3FB6800C8C884 /* Main.storyboard in Resources */ = {isa = PBXBuildFile; fileRef = F9EA3A4722D3FB6800C8C884 /* Main.storyboard */; };
		F9EA3A4B22D3FB6800C8C884 /* Assets.xcassets in Resources */ = {isa = PBXBuildFile; fileRef = F9EA3A4A22D3FB6800C8C884 /* Assets.xcassets */; };
		F9EA3A4E22D3FB6800C8C884 /* LaunchScreen.storyboard in Resources */ = {isa = PBXBuildFile; fileRef = F9EA3A4C22D3FB6800C8C884 /* LaunchScreen.storyboard */; };
		F9EA3A5122D3FB6800C8C884 /* main.m in Sources */ = {isa = PBXBuildFile; fileRef = F9EA3A5022D3FB6800C8C884 /* main.m */; };
		F9EA3A5B22D3FB6800C8C884 /* InstagramTests.m in Sources */ = {isa = PBXBuildFile; fileRef = F9EA3A5A22D3FB6800C8C884 /* InstagramTests.m */; };
		F9EA3A6622D3FB6800C8C884 /* InstagramUITests.m in Sources */ = {isa = PBXBuildFile; fileRef = F9EA3A6522D3FB6800C8C884 /* InstagramUITests.m */; };
		F9EA3A7722D40C0D00C8C884 /* LoginViewController.m in Sources */ = {isa = PBXBuildFile; fileRef = F9EA3A7622D40C0D00C8C884 /* LoginViewController.m */; };
		F9EA3A7A22D40C6F00C8C884 /* SignupViewController.m in Sources */ = {isa = PBXBuildFile; fileRef = F9EA3A7922D40C6F00C8C884 /* SignupViewController.m */; };
		F9EA3A7D22D40CDA00C8C884 /* TimelineViewController.m in Sources */ = {isa = PBXBuildFile; fileRef = F9EA3A7C22D40CDA00C8C884 /* TimelineViewController.m */; };
		F9EA3A8022D5245D00C8C884 /* CameraViewController.m in Sources */ = {isa = PBXBuildFile; fileRef = F9EA3A7F22D5245D00C8C884 /* CameraViewController.m */; };
		F9EA3A8322D528E200C8C884 /* PostCell.m in Sources */ = {isa = PBXBuildFile; fileRef = F9EA3A8222D528E200C8C884 /* PostCell.m */; };
		F9EA3A8722D542DA00C8C884 /* Post.m in Sources */ = {isa = PBXBuildFile; fileRef = F9EA3A8622D542DA00C8C884 /* Post.m */; };
		F9EA3A8A22D5598E00C8C884 /* DetailsViewController.m in Sources */ = {isa = PBXBuildFile; fileRef = F9EA3A8922D5598E00C8C884 /* DetailsViewController.m */; };
/* End PBXBuildFile section */

/* Begin PBXContainerItemProxy section */
		F9EA3A5722D3FB6800C8C884 /* PBXContainerItemProxy */ = {
			isa = PBXContainerItemProxy;
			containerPortal = F9EA3A3622D3FB6700C8C884 /* Project object */;
			proxyType = 1;
			remoteGlobalIDString = F9EA3A3D22D3FB6700C8C884;
			remoteInfo = Instagram;
		};
		F9EA3A6222D3FB6800C8C884 /* PBXContainerItemProxy */ = {
			isa = PBXContainerItemProxy;
			containerPortal = F9EA3A3622D3FB6700C8C884 /* Project object */;
			proxyType = 1;
			remoteGlobalIDString = F9EA3A3D22D3FB6700C8C884;
			remoteInfo = Instagram;
		};
/* End PBXContainerItemProxy section */

/* Begin PBXFileReference section */
		176A461610835A4B7B1353C5 /* Pods_InstagramTests.framework */ = {isa = PBXFileReference; explicitFileType = wrapper.framework; includeInIndex = 0; path = Pods_InstagramTests.framework; sourceTree = BUILT_PRODUCTS_DIR; };
		1E2ACC67FEFEF24955782B3D /* Pods-InstagramTests.debug.xcconfig */ = {isa = PBXFileReference; includeInIndex = 1; lastKnownFileType = text.xcconfig; name = "Pods-InstagramTests.debug.xcconfig"; path = "Target Support Files/Pods-InstagramTests/Pods-InstagramTests.debug.xcconfig"; sourceTree = "<group>"; };
		1E462DBA6CD95CB2ED190EFD /* Pods-Instagram.debug.xcconfig */ = {isa = PBXFileReference; includeInIndex = 1; lastKnownFileType = text.xcconfig; name = "Pods-Instagram.debug.xcconfig"; path = "Target Support Files/Pods-Instagram/Pods-Instagram.debug.xcconfig"; sourceTree = "<group>"; };
		29DAB0EBEDF6FFA0232BD72F /* Pods-InstagramTests.release.xcconfig */ = {isa = PBXFileReference; includeInIndex = 1; lastKnownFileType = text.xcconfig; name = "Pods-InstagramTests.release.xcconfig"; path = "Target Support Files/Pods-InstagramTests/Pods-InstagramTests.release.xcconfig"; sourceTree = "<group>"; };
		48E4C8E834AE4BCF4EE7979A /* Pods-InstagramUITests.release.xcconfig */ = {isa = PBXFileReference; includeInIndex = 1; lastKnownFileType = text.xcconfig; name = "Pods-InstagramUITests.release.xcconfig"; path = "Target Support Files/Pods-InstagramUITests/Pods-InstagramUITests.release.xcconfig"; sourceTree = "<group>"; };
		51FEFB4657CC799336D89B73 /* Pods_Instagram.framework */ = {isa = PBXFileReference; explicitFileType = wrapper.framework; includeInIndex = 0; path = Pods_Instagram.framework; sourceTree = BUILT_PRODUCTS_DIR; };
		B17C7E45B074C695C2AFE02D /* Pods_InstagramUITests.framework */ = {isa = PBXFileReference; explicitFileType = wrapper.framework; includeInIndex = 0; path = Pods_InstagramUITests.framework; sourceTree = BUILT_PRODUCTS_DIR; };
		B620033AFD262604BFD6668C /* Pods-Instagram.release.xcconfig */ = {isa = PBXFileReference; includeInIndex = 1; lastKnownFileType = text.xcconfig; name = "Pods-Instagram.release.xcconfig"; path = "Target Support Files/Pods-Instagram/Pods-Instagram.release.xcconfig"; sourceTree = "<group>"; };
		E32DD89E3C9B93DAA7FFBF98 /* Pods-InstagramUITests.debug.xcconfig */ = {isa = PBXFileReference; includeInIndex = 1; lastKnownFileType = text.xcconfig; name = "Pods-InstagramUITests.debug.xcconfig"; path = "Target Support Files/Pods-InstagramUITests/Pods-InstagramUITests.debug.xcconfig"; sourceTree = "<group>"; };
		F9EA3A3E22D3FB6700C8C884 /* Instagram.app */ = {isa = PBXFileReference; explicitFileType = wrapper.application; includeInIndex = 0; path = Instagram.app; sourceTree = BUILT_PRODUCTS_DIR; };
		F9EA3A4122D3FB6700C8C884 /* AppDelegate.h */ = {isa = PBXFileReference; lastKnownFileType = sourcecode.c.h; path = AppDelegate.h; sourceTree = "<group>"; };
		F9EA3A4222D3FB6700C8C884 /* AppDelegate.m */ = {isa = PBXFileReference; lastKnownFileType = sourcecode.c.objc; path = AppDelegate.m; sourceTree = "<group>"; };
		F9EA3A4822D3FB6800C8C884 /* Base */ = {isa = PBXFileReference; lastKnownFileType = file.storyboard; name = Base; path = Base.lproj/Main.storyboard; sourceTree = "<group>"; };
		F9EA3A4A22D3FB6800C8C884 /* Assets.xcassets */ = {isa = PBXFileReference; lastKnownFileType = folder.assetcatalog; path = Assets.xcassets; sourceTree = "<group>"; };
		F9EA3A4D22D3FB6800C8C884 /* Base */ = {isa = PBXFileReference; lastKnownFileType = file.storyboard; name = Base; path = Base.lproj/LaunchScreen.storyboard; sourceTree = "<group>"; };
		F9EA3A4F22D3FB6800C8C884 /* Info.plist */ = {isa = PBXFileReference; lastKnownFileType = text.plist.xml; path = Info.plist; sourceTree = "<group>"; };
		F9EA3A5022D3FB6800C8C884 /* main.m */ = {isa = PBXFileReference; lastKnownFileType = sourcecode.c.objc; path = main.m; sourceTree = "<group>"; };
		F9EA3A5622D3FB6800C8C884 /* InstagramTests.xctest */ = {isa = PBXFileReference; explicitFileType = wrapper.cfbundle; includeInIndex = 0; path = InstagramTests.xctest; sourceTree = BUILT_PRODUCTS_DIR; };
		F9EA3A5A22D3FB6800C8C884 /* InstagramTests.m */ = {isa = PBXFileReference; lastKnownFileType = sourcecode.c.objc; path = InstagramTests.m; sourceTree = "<group>"; };
		F9EA3A5C22D3FB6800C8C884 /* Info.plist */ = {isa = PBXFileReference; lastKnownFileType = text.plist.xml; path = Info.plist; sourceTree = "<group>"; };
		F9EA3A6122D3FB6800C8C884 /* InstagramUITests.xctest */ = {isa = PBXFileReference; explicitFileType = wrapper.cfbundle; includeInIndex = 0; path = InstagramUITests.xctest; sourceTree = BUILT_PRODUCTS_DIR; };
		F9EA3A6522D3FB6800C8C884 /* InstagramUITests.m */ = {isa = PBXFileReference; lastKnownFileType = sourcecode.c.objc; path = InstagramUITests.m; sourceTree = "<group>"; };
		F9EA3A6722D3FB6800C8C884 /* Info.plist */ = {isa = PBXFileReference; lastKnownFileType = text.plist.xml; path = Info.plist; sourceTree = "<group>"; };
		F9EA3A7522D40C0D00C8C884 /* LoginViewController.h */ = {isa = PBXFileReference; lastKnownFileType = sourcecode.c.h; path = LoginViewController.h; sourceTree = "<group>"; };
		F9EA3A7622D40C0D00C8C884 /* LoginViewController.m */ = {isa = PBXFileReference; lastKnownFileType = sourcecode.c.objc; path = LoginViewController.m; sourceTree = "<group>"; };
		F9EA3A7822D40C6F00C8C884 /* SignupViewController.h */ = {isa = PBXFileReference; lastKnownFileType = sourcecode.c.h; path = SignupViewController.h; sourceTree = "<group>"; };
		F9EA3A7922D40C6F00C8C884 /* SignupViewController.m */ = {isa = PBXFileReference; lastKnownFileType = sourcecode.c.objc; path = SignupViewController.m; sourceTree = "<group>"; };
		F9EA3A7B22D40CDA00C8C884 /* TimelineViewController.h */ = {isa = PBXFileReference; lastKnownFileType = sourcecode.c.h; path = TimelineViewController.h; sourceTree = "<group>"; };
		F9EA3A7C22D40CDA00C8C884 /* TimelineViewController.m */ = {isa = PBXFileReference; lastKnownFileType = sourcecode.c.objc; path = TimelineViewController.m; sourceTree = "<group>"; };
		F9EA3A7E22D5245D00C8C884 /* CameraViewController.h */ = {isa = PBXFileReference; lastKnownFileType = sourcecode.c.h; path = CameraViewController.h; sourceTree = "<group>"; };
		F9EA3A7F22D5245D00C8C884 /* CameraViewController.m */ = {isa = PBXFileReference; lastKnownFileType = sourcecode.c.objc; path = CameraViewController.m; sourceTree = "<group>"; };
		F9EA3A8122D528E200C8C884 /* PostCell.h */ = {isa = PBXFileReference; lastKnownFileType = sourcecode.c.h; path = PostCell.h; sourceTree = "<group>"; };
		F9EA3A8222D528E200C8C884 /* PostCell.m */ = {isa = PBXFileReference; lastKnownFileType = sourcecode.c.objc; path = PostCell.m; sourceTree = "<group>"; };
		F9EA3A8522D542DA00C8C884 /* Post.h */ = {isa = PBXFileReference; lastKnownFileType = sourcecode.c.h; path = Post.h; sourceTree = "<group>"; };
		F9EA3A8622D542DA00C8C884 /* Post.m */ = {isa = PBXFileReference; lastKnownFileType = sourcecode.c.objc; path = Post.m; sourceTree = "<group>"; };
		F9EA3A8822D5598E00C8C884 /* DetailsViewController.h */ = {isa = PBXFileReference; lastKnownFileType = sourcecode.c.h; path = DetailsViewController.h; sourceTree = "<group>"; };
		F9EA3A8922D5598E00C8C884 /* DetailsViewController.m */ = {isa = PBXFileReference; lastKnownFileType = sourcecode.c.objc; path = DetailsViewController.m; sourceTree = "<group>"; };
/* End PBXFileReference section */

/* Begin PBXFrameworksBuildPhase section */
		F9EA3A3B22D3FB6700C8C884 /* Frameworks */ = {
			isa = PBXFrameworksBuildPhase;
			buildActionMask = 2147483647;
			files = (
				35E585A3DC5B51408159EF29 /* Pods_Instagram.framework in Frameworks */,
			);
			runOnlyForDeploymentPostprocessing = 0;
		};
		F9EA3A5322D3FB6800C8C884 /* Frameworks */ = {
			isa = PBXFrameworksBuildPhase;
			buildActionMask = 2147483647;
			files = (
				212C4E7511C11D9DE783D0A4 /* Pods_InstagramTests.framework in Frameworks */,
			);
			runOnlyForDeploymentPostprocessing = 0;
		};
		F9EA3A5E22D3FB6800C8C884 /* Frameworks */ = {
			isa = PBXFrameworksBuildPhase;
			buildActionMask = 2147483647;
			files = (
				D656084BD97FE8FAF1E42E1B /* Pods_InstagramUITests.framework in Frameworks */,
			);
			runOnlyForDeploymentPostprocessing = 0;
		};
/* End PBXFrameworksBuildPhase section */

/* Begin PBXGroup section */
		6C4F6D50D25EB6D5FF6B0968 /* Pods */ = {
			isa = PBXGroup;
			children = (
				1E462DBA6CD95CB2ED190EFD /* Pods-Instagram.debug.xcconfig */,
				B620033AFD262604BFD6668C /* Pods-Instagram.release.xcconfig */,
				1E2ACC67FEFEF24955782B3D /* Pods-InstagramTests.debug.xcconfig */,
				29DAB0EBEDF6FFA0232BD72F /* Pods-InstagramTests.release.xcconfig */,
				E32DD89E3C9B93DAA7FFBF98 /* Pods-InstagramUITests.debug.xcconfig */,
				48E4C8E834AE4BCF4EE7979A /* Pods-InstagramUITests.release.xcconfig */,
			);
			path = Pods;
			sourceTree = "<group>";
		};
		A6375C91ED1DA4167BEF0925 /* Frameworks */ = {
			isa = PBXGroup;
			children = (
				51FEFB4657CC799336D89B73 /* Pods_Instagram.framework */,
				176A461610835A4B7B1353C5 /* Pods_InstagramTests.framework */,
				B17C7E45B074C695C2AFE02D /* Pods_InstagramUITests.framework */,
			);
			name = Frameworks;
			sourceTree = "<group>";
		};
		F9EA3A3522D3FB6700C8C884 = {
			isa = PBXGroup;
			children = (
				F9EA3A4022D3FB6700C8C884 /* Instagram */,
				F9EA3A5922D3FB6800C8C884 /* InstagramTests */,
				F9EA3A6422D3FB6800C8C884 /* InstagramUITests */,
				F9EA3A3F22D3FB6700C8C884 /* Products */,
				6C4F6D50D25EB6D5FF6B0968 /* Pods */,
				A6375C91ED1DA4167BEF0925 /* Frameworks */,
			);
			sourceTree = "<group>";
		};
		F9EA3A3F22D3FB6700C8C884 /* Products */ = {
			isa = PBXGroup;
			children = (
				F9EA3A3E22D3FB6700C8C884 /* Instagram.app */,
				F9EA3A5622D3FB6800C8C884 /* InstagramTests.xctest */,
				F9EA3A6122D3FB6800C8C884 /* InstagramUITests.xctest */,
			);
			name = Products;
			sourceTree = "<group>";
		};
		F9EA3A4022D3FB6700C8C884 /* Instagram */ = {
			isa = PBXGroup;
			children = (
				F9EA3A8422D542B200C8C884 /* Models */,
				F9EA3A7422D40BF000C8C884 /* ViewControllers */,
				F9EA3A7322D40BD200C8C884 /* Views */,
				F9EA3A4122D3FB6700C8C884 /* AppDelegate.h */,
				F9EA3A4222D3FB6700C8C884 /* AppDelegate.m */,
				F9EA3A4722D3FB6800C8C884 /* Main.storyboard */,
				F9EA3A4A22D3FB6800C8C884 /* Assets.xcassets */,
				F9EA3A4C22D3FB6800C8C884 /* LaunchScreen.storyboard */,
				F9EA3A4F22D3FB6800C8C884 /* Info.plist */,
				F9EA3A5022D3FB6800C8C884 /* main.m */,
			);
			path = Instagram;
			sourceTree = "<group>";
		};
		F9EA3A5922D3FB6800C8C884 /* InstagramTests */ = {
			isa = PBXGroup;
			children = (
				F9EA3A5A22D3FB6800C8C884 /* InstagramTests.m */,
				F9EA3A5C22D3FB6800C8C884 /* Info.plist */,
			);
			path = InstagramTests;
			sourceTree = "<group>";
		};
		F9EA3A6422D3FB6800C8C884 /* InstagramUITests */ = {
			isa = PBXGroup;
			children = (
				F9EA3A6522D3FB6800C8C884 /* InstagramUITests.m */,
				F9EA3A6722D3FB6800C8C884 /* Info.plist */,
			);
			path = InstagramUITests;
			sourceTree = "<group>";
		};
		F9EA3A7322D40BD200C8C884 /* Views */ = {
			isa = PBXGroup;
			children = (
				F9EA3A8122D528E200C8C884 /* PostCell.h */,
				F9EA3A8222D528E200C8C884 /* PostCell.m */,
			);
			path = Views;
			sourceTree = "<group>";
		};
		F9EA3A7422D40BF000C8C884 /* ViewControllers */ = {
			isa = PBXGroup;
			children = (
				F9EA3A7522D40C0D00C8C884 /* LoginViewController.h */,
				F9EA3A7622D40C0D00C8C884 /* LoginViewController.m */,
				F9EA3A7822D40C6F00C8C884 /* SignupViewController.h */,
				F9EA3A7922D40C6F00C8C884 /* SignupViewController.m */,
				F9EA3A7B22D40CDA00C8C884 /* TimelineViewController.h */,
				F9EA3A7C22D40CDA00C8C884 /* TimelineViewController.m */,
				F9EA3A7E22D5245D00C8C884 /* CameraViewController.h */,
				F9EA3A7F22D5245D00C8C884 /* CameraViewController.m */,
				F9EA3A8822D5598E00C8C884 /* DetailsViewController.h */,
				F9EA3A8922D5598E00C8C884 /* DetailsViewController.m */,
			);
			path = ViewControllers;
			sourceTree = "<group>";
		};
		F9EA3A8422D542B200C8C884 /* Models */ = {
			isa = PBXGroup;
			children = (
				F9EA3A8522D542DA00C8C884 /* Post.h */,
				F9EA3A8622D542DA00C8C884 /* Post.m */,
			);
			path = Models;
			sourceTree = "<group>";
		};
/* End PBXGroup section */

/* Begin PBXNativeTarget section */
		F9EA3A3D22D3FB6700C8C884 /* Instagram */ = {
			isa = PBXNativeTarget;
			buildConfigurationList = F9EA3A6A22D3FB6800C8C884 /* Build configuration list for PBXNativeTarget "Instagram" */;
			buildPhases = (
				2C04953260EA02D7801DB80B /* [CP] Check Pods Manifest.lock */,
				F9EA3A3A22D3FB6700C8C884 /* Sources */,
				F9EA3A3B22D3FB6700C8C884 /* Frameworks */,
				F9EA3A3C22D3FB6700C8C884 /* Resources */,
				5AF15DB06ECD4F3BA93F529A /* [CP] Embed Pods Frameworks */,
			);
			buildRules = (
			);
			dependencies = (
			);
			name = Instagram;
			productName = Instagram;
			productReference = F9EA3A3E22D3FB6700C8C884 /* Instagram.app */;
			productType = "com.apple.product-type.application";
		};
		F9EA3A5522D3FB6800C8C884 /* InstagramTests */ = {
			isa = PBXNativeTarget;
			buildConfigurationList = F9EA3A6D22D3FB6800C8C884 /* Build configuration list for PBXNativeTarget "InstagramTests" */;
			buildPhases = (
				FB4BCAD68598C272521C25BE /* [CP] Check Pods Manifest.lock */,
				F9EA3A5222D3FB6800C8C884 /* Sources */,
				F9EA3A5322D3FB6800C8C884 /* Frameworks */,
				F9EA3A5422D3FB6800C8C884 /* Resources */,
			);
			buildRules = (
			);
			dependencies = (
				F9EA3A5822D3FB6800C8C884 /* PBXTargetDependency */,
			);
			name = InstagramTests;
			productName = InstagramTests;
			productReference = F9EA3A5622D3FB6800C8C884 /* InstagramTests.xctest */;
			productType = "com.apple.product-type.bundle.unit-test";
		};
		F9EA3A6022D3FB6800C8C884 /* InstagramUITests */ = {
			isa = PBXNativeTarget;
			buildConfigurationList = F9EA3A7022D3FB6800C8C884 /* Build configuration list for PBXNativeTarget "InstagramUITests" */;
			buildPhases = (
				652B93E15AE99C717E7A4E87 /* [CP] Check Pods Manifest.lock */,
				F9EA3A5D22D3FB6800C8C884 /* Sources */,
				F9EA3A5E22D3FB6800C8C884 /* Frameworks */,
				F9EA3A5F22D3FB6800C8C884 /* Resources */,
			);
			buildRules = (
			);
			dependencies = (
				F9EA3A6322D3FB6800C8C884 /* PBXTargetDependency */,
			);
			name = InstagramUITests;
			productName = InstagramUITests;
			productReference = F9EA3A6122D3FB6800C8C884 /* InstagramUITests.xctest */;
			productType = "com.apple.product-type.bundle.ui-testing";
		};
/* End PBXNativeTarget section */

/* Begin PBXProject section */
		F9EA3A3622D3FB6700C8C884 /* Project object */ = {
			isa = PBXProject;
			attributes = {
				LastUpgradeCheck = 1020;
				ORGANIZATIONNAME = kchan23;
				TargetAttributes = {
					F9EA3A3D22D3FB6700C8C884 = {
						CreatedOnToolsVersion = 10.2.1;
					};
					F9EA3A5522D3FB6800C8C884 = {
						CreatedOnToolsVersion = 10.2.1;
						TestTargetID = F9EA3A3D22D3FB6700C8C884;
					};
					F9EA3A6022D3FB6800C8C884 = {
						CreatedOnToolsVersion = 10.2.1;
						TestTargetID = F9EA3A3D22D3FB6700C8C884;
					};
				};
			};
			buildConfigurationList = F9EA3A3922D3FB6700C8C884 /* Build configuration list for PBXProject "Instagram" */;
			compatibilityVersion = "Xcode 9.3";
			developmentRegion = en;
			hasScannedForEncodings = 0;
			knownRegions = (
				en,
				Base,
			);
			mainGroup = F9EA3A3522D3FB6700C8C884;
			productRefGroup = F9EA3A3F22D3FB6700C8C884 /* Products */;
			projectDirPath = "";
			projectRoot = "";
			targets = (
				F9EA3A3D22D3FB6700C8C884 /* Instagram */,
				F9EA3A5522D3FB6800C8C884 /* InstagramTests */,
				F9EA3A6022D3FB6800C8C884 /* InstagramUITests */,
			);
		};
/* End PBXProject section */

/* Begin PBXResourcesBuildPhase section */
		F9EA3A3C22D3FB6700C8C884 /* Resources */ = {
			isa = PBXResourcesBuildPhase;
			buildActionMask = 2147483647;
			files = (
				F9EA3A4E22D3FB6800C8C884 /* LaunchScreen.storyboard in Resources */,
				F9EA3A4B22D3FB6800C8C884 /* Assets.xcassets in Resources */,
				F9EA3A4922D3FB6800C8C884 /* Main.storyboard in Resources */,
			);
			runOnlyForDeploymentPostprocessing = 0;
		};
		F9EA3A5422D3FB6800C8C884 /* Resources */ = {
			isa = PBXResourcesBuildPhase;
			buildActionMask = 2147483647;
			files = (
			);
			runOnlyForDeploymentPostprocessing = 0;
		};
		F9EA3A5F22D3FB6800C8C884 /* Resources */ = {
			isa = PBXResourcesBuildPhase;
			buildActionMask = 2147483647;
			files = (
			);
			runOnlyForDeploymentPostprocessing = 0;
		};
/* End PBXResourcesBuildPhase section */

/* Begin PBXShellScriptBuildPhase section */
		2C04953260EA02D7801DB80B /* [CP] Check Pods Manifest.lock */ = {
			isa = PBXShellScriptBuildPhase;
			buildActionMask = 2147483647;
			files = (
			);
			inputFileListPaths = (
			);
			inputPaths = (
				"${PODS_PODFILE_DIR_PATH}/Podfile.lock",
				"${PODS_ROOT}/Manifest.lock",
			);
			name = "[CP] Check Pods Manifest.lock";
			outputFileListPaths = (
			);
			outputPaths = (
				"$(DERIVED_FILE_DIR)/Pods-Instagram-checkManifestLockResult.txt",
			);
			runOnlyForDeploymentPostprocessing = 0;
			shellPath = /bin/sh;
			shellScript = "diff \"${PODS_PODFILE_DIR_PATH}/Podfile.lock\" \"${PODS_ROOT}/Manifest.lock\" > /dev/null\nif [ $? != 0 ] ; then\n    # print error to STDERR\n    echo \"error: The sandbox is not in sync with the Podfile.lock. Run 'pod install' or update your CocoaPods installation.\" >&2\n    exit 1\nfi\n# This output is used by Xcode 'outputs' to avoid re-running this script phase.\necho \"SUCCESS\" > \"${SCRIPT_OUTPUT_FILE_0}\"\n";
			showEnvVarsInLog = 0;
		};
		5AF15DB06ECD4F3BA93F529A /* [CP] Embed Pods Frameworks */ = {
			isa = PBXShellScriptBuildPhase;
			buildActionMask = 2147483647;
			files = (
			);
			inputFileListPaths = (
				"${PODS_ROOT}/Target Support Files/Pods-Instagram/Pods-Instagram-frameworks-${CONFIGURATION}-input-files.xcfilelist",
			);
			name = "[CP] Embed Pods Frameworks";
			outputFileListPaths = (
				"${PODS_ROOT}/Target Support Files/Pods-Instagram/Pods-Instagram-frameworks-${CONFIGURATION}-output-files.xcfilelist",
			);
			runOnlyForDeploymentPostprocessing = 0;
			shellPath = /bin/sh;
			shellScript = "\"${PODS_ROOT}/Target Support Files/Pods-Instagram/Pods-Instagram-frameworks.sh\"\n";
			showEnvVarsInLog = 0;
		};
		652B93E15AE99C717E7A4E87 /* [CP] Check Pods Manifest.lock */ = {
			isa = PBXShellScriptBuildPhase;
			buildActionMask = 2147483647;
			files = (
			);
			inputFileListPaths = (
			);
			inputPaths = (
				"${PODS_PODFILE_DIR_PATH}/Podfile.lock",
				"${PODS_ROOT}/Manifest.lock",
			);
			name = "[CP] Check Pods Manifest.lock";
			outputFileListPaths = (
			);
			outputPaths = (
				"$(DERIVED_FILE_DIR)/Pods-InstagramUITests-checkManifestLockResult.txt",
			);
			runOnlyForDeploymentPostprocessing = 0;
			shellPath = /bin/sh;
			shellScript = "diff \"${PODS_PODFILE_DIR_PATH}/Podfile.lock\" \"${PODS_ROOT}/Manifest.lock\" > /dev/null\nif [ $? != 0 ] ; then\n    # print error to STDERR\n    echo \"error: The sandbox is not in sync with the Podfile.lock. Run 'pod install' or update your CocoaPods installation.\" >&2\n    exit 1\nfi\n# This output is used by Xcode 'outputs' to avoid re-running this script phase.\necho \"SUCCESS\" > \"${SCRIPT_OUTPUT_FILE_0}\"\n";
			showEnvVarsInLog = 0;
		};
		FB4BCAD68598C272521C25BE /* [CP] Check Pods Manifest.lock */ = {
			isa = PBXShellScriptBuildPhase;
			buildActionMask = 2147483647;
			files = (
			);
			inputFileListPaths = (
			);
			inputPaths = (
				"${PODS_PODFILE_DIR_PATH}/Podfile.lock",
				"${PODS_ROOT}/Manifest.lock",
			);
			name = "[CP] Check Pods Manifest.lock";
			outputFileListPaths = (
			);
			outputPaths = (
				"$(DERIVED_FILE_DIR)/Pods-InstagramTests-checkManifestLockResult.txt",
			);
			runOnlyForDeploymentPostprocessing = 0;
			shellPath = /bin/sh;
			shellScript = "diff \"${PODS_PODFILE_DIR_PATH}/Podfile.lock\" \"${PODS_ROOT}/Manifest.lock\" > /dev/null\nif [ $? != 0 ] ; then\n    # print error to STDERR\n    echo \"error: The sandbox is not in sync with the Podfile.lock. Run 'pod install' or update your CocoaPods installation.\" >&2\n    exit 1\nfi\n# This output is used by Xcode 'outputs' to avoid re-running this script phase.\necho \"SUCCESS\" > \"${SCRIPT_OUTPUT_FILE_0}\"\n";
			showEnvVarsInLog = 0;
		};
/* End PBXShellScriptBuildPhase section */

/* Begin PBXSourcesBuildPhase section */
		F9EA3A3A22D3FB6700C8C884 /* Sources */ = {
			isa = PBXSourcesBuildPhase;
			buildActionMask = 2147483647;
			files = (
				F9EA3A5122D3FB6800C8C884 /* main.m in Sources */,
				F9EA3A4322D3FB6800C8C884 /* AppDelegate.m in Sources */,
				F9EA3A7A22D40C6F00C8C884 /* SignupViewController.m in Sources */,
				F9EA3A8022D5245D00C8C884 /* CameraViewController.m in Sources */,
				F9EA3A8322D528E200C8C884 /* PostCell.m in Sources */,
				F9EA3A7722D40C0D00C8C884 /* LoginViewController.m in Sources */,
				F9EA3A8A22D5598E00C8C884 /* DetailsViewController.m in Sources */,
				F9EA3A7D22D40CDA00C8C884 /* TimelineViewController.m in Sources */,
				F9EA3A8722D542DA00C8C884 /* Post.m in Sources */,
			);
			runOnlyForDeploymentPostprocessing = 0;
		};
		F9EA3A5222D3FB6800C8C884 /* Sources */ = {
			isa = PBXSourcesBuildPhase;
			buildActionMask = 2147483647;
			files = (
				F9EA3A5B22D3FB6800C8C884 /* InstagramTests.m in Sources */,
			);
			runOnlyForDeploymentPostprocessing = 0;
		};
		F9EA3A5D22D3FB6800C8C884 /* Sources */ = {
			isa = PBXSourcesBuildPhase;
			buildActionMask = 2147483647;
			files = (
				F9EA3A6622D3FB6800C8C884 /* InstagramUITests.m in Sources */,
			);
			runOnlyForDeploymentPostprocessing = 0;
		};
/* End PBXSourcesBuildPhase section */

/* Begin PBXTargetDependency section */
		F9EA3A5822D3FB6800C8C884 /* PBXTargetDependency */ = {
			isa = PBXTargetDependency;
			target = F9EA3A3D22D3FB6700C8C884 /* Instagram */;
			targetProxy = F9EA3A5722D3FB6800C8C884 /* PBXContainerItemProxy */;
		};
		F9EA3A6322D3FB6800C8C884 /* PBXTargetDependency */ = {
			isa = PBXTargetDependency;
			target = F9EA3A3D22D3FB6700C8C884 /* Instagram */;
			targetProxy = F9EA3A6222D3FB6800C8C884 /* PBXContainerItemProxy */;
		};
/* End PBXTargetDependency section */

/* Begin PBXVariantGroup section */
		F9EA3A4722D3FB6800C8C884 /* Main.storyboard */ = {
			isa = PBXVariantGroup;
			children = (
				F9EA3A4822D3FB6800C8C884 /* Base */,
			);
			name = Main.storyboard;
			sourceTree = "<group>";
		};
		F9EA3A4C22D3FB6800C8C884 /* LaunchScreen.storyboard */ = {
			isa = PBXVariantGroup;
			children = (
				F9EA3A4D22D3FB6800C8C884 /* Base */,
			);
			name = LaunchScreen.storyboard;
			sourceTree = "<group>";
		};
/* End PBXVariantGroup section */

/* Begin XCBuildConfiguration section */
		F9EA3A6822D3FB6800C8C884 /* Debug */ = {
			isa = XCBuildConfiguration;
			buildSettings = {
				ALWAYS_SEARCH_USER_PATHS = NO;
				CLANG_ANALYZER_NONNULL = YES;
				CLANG_ANALYZER_NUMBER_OBJECT_CONVERSION = YES_AGGRESSIVE;
				CLANG_CXX_LANGUAGE_STANDARD = "gnu++14";
				CLANG_CXX_LIBRARY = "libc++";
				CLANG_ENABLE_MODULES = YES;
				CLANG_ENABLE_OBJC_ARC = YES;
				CLANG_ENABLE_OBJC_WEAK = YES;
				CLANG_WARN_BLOCK_CAPTURE_AUTORELEASING = YES;
				CLANG_WARN_BOOL_CONVERSION = YES;
				CLANG_WARN_COMMA = YES;
				CLANG_WARN_CONSTANT_CONVERSION = YES;
				CLANG_WARN_DEPRECATED_OBJC_IMPLEMENTATIONS = YES;
				CLANG_WARN_DIRECT_OBJC_ISA_USAGE = YES_ERROR;
				CLANG_WARN_DOCUMENTATION_COMMENTS = YES;
				CLANG_WARN_EMPTY_BODY = YES;
				CLANG_WARN_ENUM_CONVERSION = YES;
				CLANG_WARN_INFINITE_RECURSION = YES;
				CLANG_WARN_INT_CONVERSION = YES;
				CLANG_WARN_NON_LITERAL_NULL_CONVERSION = YES;
				CLANG_WARN_OBJC_IMPLICIT_RETAIN_SELF = YES;
				CLANG_WARN_OBJC_LITERAL_CONVERSION = YES;
				CLANG_WARN_OBJC_ROOT_CLASS = YES_ERROR;
				CLANG_WARN_RANGE_LOOP_ANALYSIS = YES;
				CLANG_WARN_STRICT_PROTOTYPES = YES;
				CLANG_WARN_SUSPICIOUS_MOVE = YES;
				CLANG_WARN_UNGUARDED_AVAILABILITY = YES_AGGRESSIVE;
				CLANG_WARN_UNREACHABLE_CODE = YES;
				CLANG_WARN__DUPLICATE_METHOD_MATCH = YES;
				CODE_SIGN_IDENTITY = "iPhone Developer";
				COPY_PHASE_STRIP = NO;
				DEBUG_INFORMATION_FORMAT = dwarf;
				ENABLE_STRICT_OBJC_MSGSEND = YES;
				ENABLE_TESTABILITY = YES;
				GCC_C_LANGUAGE_STANDARD = gnu11;
				GCC_DYNAMIC_NO_PIC = NO;
				GCC_NO_COMMON_BLOCKS = YES;
				GCC_OPTIMIZATION_LEVEL = 0;
				GCC_PREPROCESSOR_DEFINITIONS = (
					"DEBUG=1",
					"$(inherited)",
				);
				GCC_WARN_64_TO_32_BIT_CONVERSION = YES;
				GCC_WARN_ABOUT_RETURN_TYPE = YES_ERROR;
				GCC_WARN_UNDECLARED_SELECTOR = YES;
				GCC_WARN_UNINITIALIZED_AUTOS = YES_AGGRESSIVE;
				GCC_WARN_UNUSED_FUNCTION = YES;
				GCC_WARN_UNUSED_VARIABLE = YES;
				IPHONEOS_DEPLOYMENT_TARGET = 12.2;
				MTL_ENABLE_DEBUG_INFO = INCLUDE_SOURCE;
				MTL_FAST_MATH = YES;
				ONLY_ACTIVE_ARCH = YES;
				SDKROOT = iphoneos;
			};
			name = Debug;
		};
		F9EA3A6922D3FB6800C8C884 /* Release */ = {
			isa = XCBuildConfiguration;
			buildSettings = {
				ALWAYS_SEARCH_USER_PATHS = NO;
				CLANG_ANALYZER_NONNULL = YES;
				CLANG_ANALYZER_NUMBER_OBJECT_CONVERSION = YES_AGGRESSIVE;
				CLANG_CXX_LANGUAGE_STANDARD = "gnu++14";
				CLANG_CXX_LIBRARY = "libc++";
				CLANG_ENABLE_MODULES = YES;
				CLANG_ENABLE_OBJC_ARC = YES;
				CLANG_ENABLE_OBJC_WEAK = YES;
				CLANG_WARN_BLOCK_CAPTURE_AUTORELEASING = YES;
				CLANG_WARN_BOOL_CONVERSION = YES;
				CLANG_WARN_COMMA = YES;
				CLANG_WARN_CONSTANT_CONVERSION = YES;
				CLANG_WARN_DEPRECATED_OBJC_IMPLEMENTATIONS = YES;
				CLANG_WARN_DIRECT_OBJC_ISA_USAGE = YES_ERROR;
				CLANG_WARN_DOCUMENTATION_COMMENTS = YES;
				CLANG_WARN_EMPTY_BODY = YES;
				CLANG_WARN_ENUM_CONVERSION = YES;
				CLANG_WARN_INFINITE_RECURSION = YES;
				CLANG_WARN_INT_CONVERSION = YES;
				CLANG_WARN_NON_LITERAL_NULL_CONVERSION = YES;
				CLANG_WARN_OBJC_IMPLICIT_RETAIN_SELF = YES;
				CLANG_WARN_OBJC_LITERAL_CONVERSION = YES;
				CLANG_WARN_OBJC_ROOT_CLASS = YES_ERROR;
				CLANG_WARN_RANGE_LOOP_ANALYSIS = YES;
				CLANG_WARN_STRICT_PROTOTYPES = YES;
				CLANG_WARN_SUSPICIOUS_MOVE = YES;
				CLANG_WARN_UNGUARDED_AVAILABILITY = YES_AGGRESSIVE;
				CLANG_WARN_UNREACHABLE_CODE = YES;
				CLANG_WARN__DUPLICATE_METHOD_MATCH = YES;
				CODE_SIGN_IDENTITY = "iPhone Developer";
				COPY_PHASE_STRIP = NO;
				DEBUG_INFORMATION_FORMAT = "dwarf-with-dsym";
				ENABLE_NS_ASSERTIONS = NO;
				ENABLE_STRICT_OBJC_MSGSEND = YES;
				GCC_C_LANGUAGE_STANDARD = gnu11;
				GCC_NO_COMMON_BLOCKS = YES;
				GCC_WARN_64_TO_32_BIT_CONVERSION = YES;
				GCC_WARN_ABOUT_RETURN_TYPE = YES_ERROR;
				GCC_WARN_UNDECLARED_SELECTOR = YES;
				GCC_WARN_UNINITIALIZED_AUTOS = YES_AGGRESSIVE;
				GCC_WARN_UNUSED_FUNCTION = YES;
				GCC_WARN_UNUSED_VARIABLE = YES;
				IPHONEOS_DEPLOYMENT_TARGET = 12.2;
				MTL_ENABLE_DEBUG_INFO = NO;
				MTL_FAST_MATH = YES;
				SDKROOT = iphoneos;
				VALIDATE_PRODUCT = YES;
			};
			name = Release;
		};
		F9EA3A6B22D3FB6800C8C884 /* Debug */ = {
			isa = XCBuildConfiguration;
			baseConfigurationReference = 1E462DBA6CD95CB2ED190EFD /* Pods-Instagram.debug.xcconfig */;
			buildSettings = {
				ASSETCATALOG_COMPILER_APPICON_NAME = AppIcon;
				CODE_SIGN_STYLE = Automatic;
				DEVELOPMENT_TEAM = 4XDFC548L2;
				INFOPLIST_FILE = Instagram/Info.plist;
				LD_RUNPATH_SEARCH_PATHS = (
					"$(inherited)",
					"@executable_path/Frameworks",
				);
				PRODUCT_BUNDLE_IDENTIFIER = com.katelin.chan.Instagram;
				PRODUCT_NAME = "$(TARGET_NAME)";
				TARGETED_DEVICE_FAMILY = "1,2";
			};
			name = Debug;
		};
		F9EA3A6C22D3FB6800C8C884 /* Release */ = {
			isa = XCBuildConfiguration;
			baseConfigurationReference = B620033AFD262604BFD6668C /* Pods-Instagram.release.xcconfig */;
			buildSettings = {
				ASSETCATALOG_COMPILER_APPICON_NAME = AppIcon;
				CODE_SIGN_STYLE = Automatic;
				DEVELOPMENT_TEAM = 4XDFC548L2;
				INFOPLIST_FILE = Instagram/Info.plist;
				LD_RUNPATH_SEARCH_PATHS = (
					"$(inherited)",
					"@executable_path/Frameworks",
				);
				PRODUCT_BUNDLE_IDENTIFIER = com.katelin.chan.Instagram;
				PRODUCT_NAME = "$(TARGET_NAME)";
				TARGETED_DEVICE_FAMILY = "1,2";
			};
			name = Release;
		};
		F9EA3A6E22D3FB6800C8C884 /* Debug */ = {
			isa = XCBuildConfiguration;
			baseConfigurationReference = 1E2ACC67FEFEF24955782B3D /* Pods-InstagramTests.debug.xcconfig */;
			buildSettings = {
				BUNDLE_LOADER = "$(TEST_HOST)";
				CODE_SIGN_STYLE = Automatic;
				DEVELOPMENT_TEAM = 4XDFC548L2;
				INFOPLIST_FILE = InstagramTests/Info.plist;
				LD_RUNPATH_SEARCH_PATHS = (
					"$(inherited)",
					"@executable_path/Frameworks",
					"@loader_path/Frameworks",
				);
				PRODUCT_BUNDLE_IDENTIFIER = com.katelin.chan.InstagramTests;
				PRODUCT_NAME = "$(TARGET_NAME)";
				TARGETED_DEVICE_FAMILY = "1,2";
				TEST_HOST = "$(BUILT_PRODUCTS_DIR)/Instagram.app/Instagram";
			};
			name = Debug;
		};
		F9EA3A6F22D3FB6800C8C884 /* Release */ = {
			isa = XCBuildConfiguration;
			baseConfigurationReference = 29DAB0EBEDF6FFA0232BD72F /* Pods-InstagramTests.release.xcconfig */;
			buildSettings = {
				BUNDLE_LOADER = "$(TEST_HOST)";
				CODE_SIGN_STYLE = Automatic;
				DEVELOPMENT_TEAM = 4XDFC548L2;
				INFOPLIST_FILE = InstagramTests/Info.plist;
				LD_RUNPATH_SEARCH_PATHS = (
					"$(inherited)",
					"@executable_path/Frameworks",
					"@loader_path/Frameworks",
				);
				PRODUCT_BUNDLE_IDENTIFIER = com.katelin.chan.InstagramTests;
				PRODUCT_NAME = "$(TARGET_NAME)";
				TARGETED_DEVICE_FAMILY = "1,2";
				TEST_HOST = "$(BUILT_PRODUCTS_DIR)/Instagram.app/Instagram";
			};
			name = Release;
		};
		F9EA3A7122D3FB6800C8C884 /* Debug */ = {
			isa = XCBuildConfiguration;
			baseConfigurationReference = E32DD89E3C9B93DAA7FFBF98 /* Pods-InstagramUITests.debug.xcconfig */;
			buildSettings = {
				CODE_SIGN_STYLE = Automatic;
				DEVELOPMENT_TEAM = 4XDFC548L2;
				INFOPLIST_FILE = InstagramUITests/Info.plist;
				LD_RUNPATH_SEARCH_PATHS = (
					"$(inherited)",
					"@executable_path/Frameworks",
					"@loader_path/Frameworks",
				);
				PRODUCT_BUNDLE_IDENTIFIER = com.katelin.chan.InstagramUITests;
				PRODUCT_NAME = "$(TARGET_NAME)";
				TARGETED_DEVICE_FAMILY = "1,2";
				TEST_TARGET_NAME = Instagram;
			};
			name = Debug;
		};
		F9EA3A7222D3FB6800C8C884 /* Release */ = {
			isa = XCBuildConfiguration;
			baseConfigurationReference = 48E4C8E834AE4BCF4EE7979A /* Pods-InstagramUITests.release.xcconfig */;
			buildSettings = {
				CODE_SIGN_STYLE = Automatic;
				DEVELOPMENT_TEAM = 4XDFC548L2;
				INFOPLIST_FILE = InstagramUITests/Info.plist;
				LD_RUNPATH_SEARCH_PATHS = (
					"$(inherited)",
					"@executable_path/Frameworks",
					"@loader_path/Frameworks",
				);
				PRODUCT_BUNDLE_IDENTIFIER = com.katelin.chan.InstagramUITests;
				PRODUCT_NAME = "$(TARGET_NAME)";
				TARGETED_DEVICE_FAMILY = "1,2";
				TEST_TARGET_NAME = Instagram;
			};
			name = Release;
		};
/* End XCBuildConfiguration section */

/* Begin XCConfigurationList section */
		F9EA3A3922D3FB6700C8C884 /* Build configuration list for PBXProject "Instagram" */ = {
			isa = XCConfigurationList;
			buildConfigurations = (
				F9EA3A6822D3FB6800C8C884 /* Debug */,
				F9EA3A6922D3FB6800C8C884 /* Release */,
			);
			defaultConfigurationIsVisible = 0;
			defaultConfigurationName = Release;
		};
		F9EA3A6A22D3FB6800C8C884 /* Build configuration list for PBXNativeTarget "Instagram" */ = {
			isa = XCConfigurationList;
			buildConfigurations = (
				F9EA3A6B22D3FB6800C8C884 /* Debug */,
				F9EA3A6C22D3FB6800C8C884 /* Release */,
			);
			defaultConfigurationIsVisible = 0;
			defaultConfigurationName = Release;
		};
		F9EA3A6D22D3FB6800C8C884 /* Build configuration list for PBXNativeTarget "InstagramTests" */ = {
			isa = XCConfigurationList;
			buildConfigurations = (
				F9EA3A6E22D3FB6800C8C884 /* Debug */,
				F9EA3A6F22D3FB6800C8C884 /* Release */,
			);
			defaultConfigurationIsVisible = 0;
			defaultConfigurationName = Release;
		};
		F9EA3A7022D3FB6800C8C884 /* Build configuration list for PBXNativeTarget "InstagramUITests" */ = {
			isa = XCConfigurationList;
			buildConfigurations = (
				F9EA3A7122D3FB6800C8C884 /* Debug */,
				F9EA3A7222D3FB6800C8C884 /* Release */,
			);
			defaultConfigurationIsVisible = 0;
			defaultConfigurationName = Release;
		};
/* End XCConfigurationList section */
	};
	rootObject = F9EA3A3622D3FB6700C8C884 /* Project object */;
}
